// !$*UTF8*$!
{
	archiveVersion = 1;
	classes = {
	};
	objectVersion = 50;
	objects = {

/* Begin PBXBuildFile section */
		EC3C9D7F253B087900B90D40 /* SafariView.swift in Sources */ = {isa = PBXBuildFile; fileRef = EC3C9D7E253B087900B90D40 /* SafariView.swift */; };
		EC3C9D82253C488900B90D40 /* MovieSearchView.swift in Sources */ = {isa = PBXBuildFile; fileRef = EC3C9D81253C488900B90D40 /* MovieSearchView.swift */; };
		EC3C9D85253C48E800B90D40 /* SearchBarView.swift in Sources */ = {isa = PBXBuildFile; fileRef = EC3C9D84253C48E800B90D40 /* SearchBarView.swift */; };
		EC3C9D88253C4C3E00B90D40 /* MovieSearchState.swift in Sources */ = {isa = PBXBuildFile; fileRef = EC3C9D87253C4C3E00B90D40 /* MovieSearchState.swift */; };
		EC3C9D8C253C8F4800B90D40 /* MovieGridPopular.swift in Sources */ = {isa = PBXBuildFile; fileRef = EC3C9D8B253C8F4800B90D40 /* MovieGridPopular.swift */; };
		EC3C9D8F253C924200B90D40 /* MovieGrid.swift in Sources */ = {isa = PBXBuildFile; fileRef = EC3C9D8E253C924200B90D40 /* MovieGrid.swift */; };
		EC3C9D93253C992600B90D40 /* MovieGridView.swift in Sources */ = {isa = PBXBuildFile; fileRef = EC3C9D92253C992600B90D40 /* MovieGridView.swift */; };
		EC3C9DA2253CB18600B90D40 /* Favorites.swift in Sources */ = {isa = PBXBuildFile; fileRef = EC3C9DA1253CB18600B90D40 /* Favorites.swift */; };
		EC59975725389E35009AA558 /* NBSMovieApp.swift in Sources */ = {isa = PBXBuildFile; fileRef = EC59975625389E35009AA558 /* NBSMovieApp.swift */; };
		EC59975925389E35009AA558 /* ContentView.swift in Sources */ = {isa = PBXBuildFile; fileRef = EC59975825389E35009AA558 /* ContentView.swift */; };
		EC59975B25389E38009AA558 /* Assets.xcassets in Resources */ = {isa = PBXBuildFile; fileRef = EC59975A25389E38009AA558 /* Assets.xcassets */; };
		EC59975E25389E38009AA558 /* Preview Assets.xcassets in Resources */ = {isa = PBXBuildFile; fileRef = EC59975D25389E38009AA558 /* Preview Assets.xcassets */; };
		EC59976825389E7B009AA558 /* MovieService.swift in Sources */ = {isa = PBXBuildFile; fileRef = EC59976725389E7B009AA558 /* MovieService.swift */; };
		EC59976C25389E93009AA558 /* MovieStore.swift in Sources */ = {isa = PBXBuildFile; fileRef = EC59976B25389E93009AA558 /* MovieStore.swift */; };
		EC59976F25389EC8009AA558 /* Utils.swift in Sources */ = {isa = PBXBuildFile; fileRef = EC59976E25389EC8009AA558 /* Utils.swift */; };
		EC59977425389F23009AA558 /* Movie.swift in Sources */ = {isa = PBXBuildFile; fileRef = EC59977325389F23009AA558 /* Movie.swift */; };
		EC59978C2538A32F009AA558 /* ImageLoader.swift in Sources */ = {isa = PBXBuildFile; fileRef = EC59978B2538A32E009AA558 /* ImageLoader.swift */; };
		EC5997962538DE72009AA558 /* MoviePosterCard.swift in Sources */ = {isa = PBXBuildFile; fileRef = EC5997952538DE72009AA558 /* MoviePosterCard.swift */; };
		EC5997992538E091009AA558 /* MoviePosterCarouselView.swift in Sources */ = {isa = PBXBuildFile; fileRef = EC5997982538E091009AA558 /* MoviePosterCarouselView.swift */; };
		EC59979D2538E73A009AA558 /* MovieListView.swift in Sources */ = {isa = PBXBuildFile; fileRef = EC59979C2538E73A009AA558 /* MovieListView.swift */; };
		EC5997A02538E76E009AA558 /* MovieListState.swift in Sources */ = {isa = PBXBuildFile; fileRef = EC59979F2538E76E009AA558 /* MovieListState.swift */; };
		EC5997A42538E9B9009AA558 /* ActivityIndicatorView.swift in Sources */ = {isa = PBXBuildFile; fileRef = EC5997A32538E9B9009AA558 /* ActivityIndicatorView.swift */; };
		EC5997AD2538EAD5009AA558 /* LoadingView.swift in Sources */ = {isa = PBXBuildFile; fileRef = EC5997AC2538EAD5009AA558 /* LoadingView.swift */; };
		EC71573D25398C8500C84F0D /* MovieBannerCard.swift in Sources */ = {isa = PBXBuildFile; fileRef = EC71573C25398C8500C84F0D /* MovieBannerCard.swift */; };
		EC71574125398E2300C84F0D /* MovieBannerCarouselView.swift in Sources */ = {isa = PBXBuildFile; fileRef = EC71574025398E2300C84F0D /* MovieBannerCarouselView.swift */; };
		EC7157452539AC4F00C84F0D /* AppDelegate.swift in Sources */ = {isa = PBXBuildFile; fileRef = EC7157442539AC4F00C84F0D /* AppDelegate.swift */; };
		EC7157492539AF5000C84F0D /* MovieDetailView.swift in Sources */ = {isa = PBXBuildFile; fileRef = EC7157482539AF5000C84F0D /* MovieDetailView.swift */; };
		EC7157502539AF8F00C84F0D /* MovieDetailState.swift in Sources */ = {isa = PBXBuildFile; fileRef = EC71574F2539AF8F00C84F0D /* MovieDetailState.swift */; };
/* End PBXBuildFile section */

/* Begin PBXFileReference section */
		EC3C9D7E253B087900B90D40 /* SafariView.swift */ = {isa = PBXFileReference; lastKnownFileType = sourcecode.swift; path = SafariView.swift; sourceTree = "<group>"; };
		EC3C9D81253C488900B90D40 /* MovieSearchView.swift */ = {isa = PBXFileReference; lastKnownFileType = sourcecode.swift; path = MovieSearchView.swift; sourceTree = "<group>"; };
		EC3C9D84253C48E800B90D40 /* SearchBarView.swift */ = {isa = PBXFileReference; lastKnownFileType = sourcecode.swift; path = SearchBarView.swift; sourceTree = "<group>"; };
		EC3C9D87253C4C3E00B90D40 /* MovieSearchState.swift */ = {isa = PBXFileReference; lastKnownFileType = sourcecode.swift; path = MovieSearchState.swift; sourceTree = "<group>"; };
		EC3C9D8B253C8F4800B90D40 /* MovieGridPopular.swift */ = {isa = PBXFileReference; lastKnownFileType = sourcecode.swift; path = MovieGridPopular.swift; sourceTree = "<group>"; };
		EC3C9D8E253C924200B90D40 /* MovieGrid.swift */ = {isa = PBXFileReference; lastKnownFileType = sourcecode.swift; path = MovieGrid.swift; sourceTree = "<group>"; };
		EC3C9D92253C992600B90D40 /* MovieGridView.swift */ = {isa = PBXFileReference; lastKnownFileType = sourcecode.swift; path = MovieGridView.swift; sourceTree = "<group>"; };
		EC3C9DA1253CB18600B90D40 /* Favorites.swift */ = {isa = PBXFileReference; lastKnownFileType = sourcecode.swift; path = Favorites.swift; sourceTree = "<group>"; };
		EC59975325389E35009AA558 /* NBSMovie.app */ = {isa = PBXFileReference; explicitFileType = wrapper.application; includeInIndex = 0; path = NBSMovie.app; sourceTree = BUILT_PRODUCTS_DIR; };
		EC59975625389E35009AA558 /* NBSMovieApp.swift */ = {isa = PBXFileReference; lastKnownFileType = sourcecode.swift; path = NBSMovieApp.swift; sourceTree = "<group>"; };
		EC59975825389E35009AA558 /* ContentView.swift */ = {isa = PBXFileReference; lastKnownFileType = sourcecode.swift; path = ContentView.swift; sourceTree = "<group>"; };
		EC59975A25389E38009AA558 /* Assets.xcassets */ = {isa = PBXFileReference; lastKnownFileType = folder.assetcatalog; path = Assets.xcassets; sourceTree = "<group>"; };
		EC59975D25389E38009AA558 /* Preview Assets.xcassets */ = {isa = PBXFileReference; lastKnownFileType = folder.assetcatalog; path = "Preview Assets.xcassets"; sourceTree = "<group>"; };
		EC59975F25389E38009AA558 /* Info.plist */ = {isa = PBXFileReference; lastKnownFileType = text.plist.xml; path = Info.plist; sourceTree = "<group>"; };
		EC59976725389E7B009AA558 /* MovieService.swift */ = {isa = PBXFileReference; lastKnownFileType = sourcecode.swift; path = MovieService.swift; sourceTree = "<group>"; };
		EC59976B25389E93009AA558 /* MovieStore.swift */ = {isa = PBXFileReference; lastKnownFileType = sourcecode.swift; path = MovieStore.swift; sourceTree = "<group>"; };
		EC59976E25389EC8009AA558 /* Utils.swift */ = {isa = PBXFileReference; lastKnownFileType = sourcecode.swift; path = Utils.swift; sourceTree = "<group>"; };
		EC59977325389F23009AA558 /* Movie.swift */ = {isa = PBXFileReference; lastKnownFileType = sourcecode.swift; path = Movie.swift; sourceTree = "<group>"; };
		EC59978B2538A32E009AA558 /* ImageLoader.swift */ = {isa = PBXFileReference; lastKnownFileType = sourcecode.swift; path = ImageLoader.swift; sourceTree = "<group>"; };
		EC5997952538DE72009AA558 /* MoviePosterCard.swift */ = {isa = PBXFileReference; lastKnownFileType = sourcecode.swift; path = MoviePosterCard.swift; sourceTree = "<group>"; };
		EC5997982538E091009AA558 /* MoviePosterCarouselView.swift */ = {isa = PBXFileReference; lastKnownFileType = sourcecode.swift; path = MoviePosterCarouselView.swift; sourceTree = "<group>"; };
		EC59979C2538E73A009AA558 /* MovieListView.swift */ = {isa = PBXFileReference; lastKnownFileType = sourcecode.swift; path = MovieListView.swift; sourceTree = "<group>"; };
		EC59979F2538E76E009AA558 /* MovieListState.swift */ = {isa = PBXFileReference; lastKnownFileType = sourcecode.swift; path = MovieListState.swift; sourceTree = "<group>"; };
		EC5997A32538E9B9009AA558 /* ActivityIndicatorView.swift */ = {isa = PBXFileReference; lastKnownFileType = sourcecode.swift; path = ActivityIndicatorView.swift; sourceTree = "<group>"; };
		EC5997AC2538EAD5009AA558 /* LoadingView.swift */ = {isa = PBXFileReference; lastKnownFileType = sourcecode.swift; path = LoadingView.swift; sourceTree = "<group>"; };
		EC71573C25398C8500C84F0D /* MovieBannerCard.swift */ = {isa = PBXFileReference; lastKnownFileType = sourcecode.swift; path = MovieBannerCard.swift; sourceTree = "<group>"; };
		EC71574025398E2300C84F0D /* MovieBannerCarouselView.swift */ = {isa = PBXFileReference; lastKnownFileType = sourcecode.swift; path = MovieBannerCarouselView.swift; sourceTree = "<group>"; };
		EC7157442539AC4F00C84F0D /* AppDelegate.swift */ = {isa = PBXFileReference; lastKnownFileType = sourcecode.swift; path = AppDelegate.swift; sourceTree = "<group>"; };
		EC7157482539AF5000C84F0D /* MovieDetailView.swift */ = {isa = PBXFileReference; lastKnownFileType = sourcecode.swift; path = MovieDetailView.swift; sourceTree = "<group>"; };
		EC71574F2539AF8F00C84F0D /* MovieDetailState.swift */ = {isa = PBXFileReference; lastKnownFileType = sourcecode.swift; path = MovieDetailState.swift; sourceTree = "<group>"; };
/* End PBXFileReference section */

/* Begin PBXFrameworksBuildPhase section */
		EC59975025389E35009AA558 /* Frameworks */ = {
			isa = PBXFrameworksBuildPhase;
			buildActionMask = 2147483647;
			files = (
			);
			runOnlyForDeploymentPostprocessing = 0;
		};
/* End PBXFrameworksBuildPhase section */

/* Begin PBXGroup section */
		EC59974A25389E35009AA558 = {
			isa = PBXGroup;
			children = (
				EC59975525389E35009AA558 /* NBSMovie */,
				EC59975425389E35009AA558 /* Products */,
			);
			sourceTree = "<group>";
		};
		EC59975425389E35009AA558 /* Products */ = {
			isa = PBXGroup;
			children = (
				EC59975325389E35009AA558 /* NBSMovie.app */,
			);
			name = Products;
			sourceTree = "<group>";
		};
		EC59975525389E35009AA558 /* NBSMovie */ = {
			isa = PBXGroup;
			children = (
				EC59975625389E35009AA558 /* NBSMovieApp.swift */,
				EC7157442539AC4F00C84F0D /* AppDelegate.swift */,
				EC59975825389E35009AA558 /* ContentView.swift */,
				EC59976E25389EC8009AA558 /* Utils.swift */,
				EC59978A2538A321009AA558 /* Bindings */,
				EC5997852538A2D6009AA558 /* Views */,
				EC59976625389E64009AA558 /* Services */,
				EC59977225389F00009AA558 /* Model */,
				EC59975A25389E38009AA558 /* Assets.xcassets */,
				EC59975F25389E38009AA558 /* Info.plist */,
				EC59975C25389E38009AA558 /* Preview Content */,
			);
			path = NBSMovie;
			sourceTree = "<group>";
		};
		EC59975C25389E38009AA558 /* Preview Content */ = {
			isa = PBXGroup;
			children = (
				EC59975D25389E38009AA558 /* Preview Assets.xcassets */,
			);
			path = "Preview Content";
			sourceTree = "<group>";
		};
		EC59976625389E64009AA558 /* Services */ = {
			isa = PBXGroup;
			children = (
				EC59976725389E7B009AA558 /* MovieService.swift */,
				EC59976B25389E93009AA558 /* MovieStore.swift */,
			);
			path = Services;
			sourceTree = "<group>";
		};
		EC59977225389F00009AA558 /* Model */ = {
			isa = PBXGroup;
			children = (
				EC59977325389F23009AA558 /* Movie.swift */,
			);
			path = Model;
			sourceTree = "<group>";
		};
		EC5997852538A2D6009AA558 /* Views */ = {
			isa = PBXGroup;
			children = (
				EC5997A22538E9A3009AA558 /* UIKitViews */,
				EC5997952538DE72009AA558 /* MoviePosterCard.swift */,
				EC5997982538E091009AA558 /* MoviePosterCarouselView.swift */,
				EC71573C25398C8500C84F0D /* MovieBannerCard.swift */,
				EC71574025398E2300C84F0D /* MovieBannerCarouselView.swift */,
				EC59979C2538E73A009AA558 /* MovieListView.swift */,
				EC5997AC2538EAD5009AA558 /* LoadingView.swift */,
				EC7157482539AF5000C84F0D /* MovieDetailView.swift */,
				EC3C9D8E253C924200B90D40 /* MovieGrid.swift */,
				EC3C9D8B253C8F4800B90D40 /* MovieGridPopular.swift */,
				EC3C9D81253C488900B90D40 /* MovieSearchView.swift */,
				EC3C9D92253C992600B90D40 /* MovieGridView.swift */,
			);
			path = Views;
			sourceTree = "<group>";
		};
		EC59978A2538A321009AA558 /* Bindings */ = {
			isa = PBXGroup;
			children = (
				EC59978B2538A32E009AA558 /* ImageLoader.swift */,
				EC59979F2538E76E009AA558 /* MovieListState.swift */,
				EC71574F2539AF8F00C84F0D /* MovieDetailState.swift */,
				EC3C9D87253C4C3E00B90D40 /* MovieSearchState.swift */,
				EC3C9DA1253CB18600B90D40 /* Favorites.swift */,
			);
			path = Bindings;
			sourceTree = "<group>";
		};
		EC5997A22538E9A3009AA558 /* UIKitViews */ = {
			isa = PBXGroup;
			children = (
				EC5997A32538E9B9009AA558 /* ActivityIndicatorView.swift */,
				EC3C9D7E253B087900B90D40 /* SafariView.swift */,
				EC3C9D84253C48E800B90D40 /* SearchBarView.swift */,
			);
			path = UIKitViews;
			sourceTree = "<group>";
		};
/* End PBXGroup section */

/* Begin PBXNativeTarget section */
		EC59975225389E35009AA558 /* NBSMovie */ = {
			isa = PBXNativeTarget;
			buildConfigurationList = EC59976225389E38009AA558 /* Build configuration list for PBXNativeTarget "NBSMovie" */;
			buildPhases = (
				EC59974F25389E35009AA558 /* Sources */,
				EC59975025389E35009AA558 /* Frameworks */,
				EC59975125389E35009AA558 /* Resources */,
			);
			buildRules = (
			);
			dependencies = (
			);
			name = NBSMovie;
			productName = NBSMovie;
			productReference = EC59975325389E35009AA558 /* NBSMovie.app */;
			productType = "com.apple.product-type.application";
		};
/* End PBXNativeTarget section */

/* Begin PBXProject section */
		EC59974B25389E35009AA558 /* Project object */ = {
			isa = PBXProject;
			attributes = {
				LastSwiftUpdateCheck = 1200;
				LastUpgradeCheck = 1200;
				TargetAttributes = {
					EC59975225389E35009AA558 = {
						CreatedOnToolsVersion = 12.0.1;
					};
				};
			};
			buildConfigurationList = EC59974E25389E35009AA558 /* Build configuration list for PBXProject "NBSMovie" */;
			compatibilityVersion = "Xcode 9.3";
			developmentRegion = en;
			hasScannedForEncodings = 0;
			knownRegions = (
				en,
				Base,
			);
			mainGroup = EC59974A25389E35009AA558;
			productRefGroup = EC59975425389E35009AA558 /* Products */;
			projectDirPath = "";
			projectRoot = "";
			targets = (
				EC59975225389E35009AA558 /* NBSMovie */,
			);
		};
/* End PBXProject section */

/* Begin PBXResourcesBuildPhase section */
		EC59975125389E35009AA558 /* Resources */ = {
			isa = PBXResourcesBuildPhase;
			buildActionMask = 2147483647;
			files = (
				EC59975E25389E38009AA558 /* Preview Assets.xcassets in Resources */,
				EC59975B25389E38009AA558 /* Assets.xcassets in Resources */,
			);
			runOnlyForDeploymentPostprocessing = 0;
		};
/* End PBXResourcesBuildPhase section */

/* Begin PBXSourcesBuildPhase section */
		EC59974F25389E35009AA558 /* Sources */ = {
			isa = PBXSourcesBuildPhase;
			buildActionMask = 2147483647;
			files = (
				EC59976F25389EC8009AA558 /* Utils.swift in Sources */,
				EC7157502539AF8F00C84F0D /* MovieDetailState.swift in Sources */,
				EC3C9D8C253C8F4800B90D40 /* MovieGridPopular.swift in Sources */,
				EC59979D2538E73A009AA558 /* MovieListView.swift in Sources */,
				EC59976C25389E93009AA558 /* MovieStore.swift in Sources */,
				EC3C9D7F253B087900B90D40 /* SafariView.swift in Sources */,
				EC59977425389F23009AA558 /* Movie.swift in Sources */,
				EC5997A42538E9B9009AA558 /* ActivityIndicatorView.swift in Sources */,
				EC5997AD2538EAD5009AA558 /* LoadingView.swift in Sources */,
				EC3C9D93253C992600B90D40 /* MovieGridView.swift in Sources */,
				EC71574125398E2300C84F0D /* MovieBannerCarouselView.swift in Sources */,
				EC5997962538DE72009AA558 /* MoviePosterCard.swift in Sources */,
				EC5997992538E091009AA558 /* MoviePosterCarouselView.swift in Sources */,
				EC59978C2538A32F009AA558 /* ImageLoader.swift in Sources */,
				EC5997A02538E76E009AA558 /* MovieListState.swift in Sources */,
				EC3C9D88253C4C3E00B90D40 /* MovieSearchState.swift in Sources */,
				EC7157492539AF5000C84F0D /* MovieDetailView.swift in Sources */,
				EC3C9DA2253CB18600B90D40 /* Favorites.swift in Sources */,
				EC3C9D82253C488900B90D40 /* MovieSearchView.swift in Sources */,
				EC71573D25398C8500C84F0D /* MovieBannerCard.swift in Sources */,
				EC3C9D8F253C924200B90D40 /* MovieGrid.swift in Sources */,
				EC59976825389E7B009AA558 /* MovieService.swift in Sources */,
				EC3C9D85253C48E800B90D40 /* SearchBarView.swift in Sources */,
				EC59975925389E35009AA558 /* ContentView.swift in Sources */,
				EC7157452539AC4F00C84F0D /* AppDelegate.swift in Sources */,
				EC59975725389E35009AA558 /* NBSMovieApp.swift in Sources */,
			);
			runOnlyForDeploymentPostprocessing = 0;
		};
/* End PBXSourcesBuildPhase section */

/* Begin XCBuildConfiguration section */
		EC59976025389E38009AA558 /* Debug */ = {
			isa = XCBuildConfiguration;
			buildSettings = {
				ALWAYS_SEARCH_USER_PATHS = NO;
				CLANG_ANALYZER_NONNULL = YES;
				CLANG_ANALYZER_NUMBER_OBJECT_CONVERSION = YES_AGGRESSIVE;
				CLANG_CXX_LANGUAGE_STANDARD = "gnu++14";
				CLANG_CXX_LIBRARY = "libc++";
				CLANG_ENABLE_MODULES = YES;
				CLANG_ENABLE_OBJC_ARC = YES;
				CLANG_ENABLE_OBJC_WEAK = YES;
				CLANG_WARN_BLOCK_CAPTURE_AUTORELEASING = YES;
				CLANG_WARN_BOOL_CONVERSION = YES;
				CLANG_WARN_COMMA = YES;
				CLANG_WARN_CONSTANT_CONVERSION = YES;
				CLANG_WARN_DEPRECATED_OBJC_IMPLEMENTATIONS = YES;
				CLANG_WARN_DIRECT_OBJC_ISA_USAGE = YES_ERROR;
				CLANG_WARN_DOCUMENTATION_COMMENTS = YES;
				CLANG_WARN_EMPTY_BODY = YES;
				CLANG_WARN_ENUM_CONVERSION = YES;
				CLANG_WARN_INFINITE_RECURSION = YES;
				CLANG_WARN_INT_CONVERSION = YES;
				CLANG_WARN_NON_LITERAL_NULL_CONVERSION = YES;
				CLANG_WARN_OBJC_IMPLICIT_RETAIN_SELF = YES;
				CLANG_WARN_OBJC_LITERAL_CONVERSION = YES;
				CLANG_WARN_OBJC_ROOT_CLASS = YES_ERROR;
				CLANG_WARN_QUOTED_INCLUDE_IN_FRAMEWORK_HEADER = YES;
				CLANG_WARN_RANGE_LOOP_ANALYSIS = YES;
				CLANG_WARN_STRICT_PROTOTYPES = YES;
				CLANG_WARN_SUSPICIOUS_MOVE = YES;
				CLANG_WARN_UNGUARDED_AVAILABILITY = YES_AGGRESSIVE;
				CLANG_WARN_UNREACHABLE_CODE = YES;
				CLANG_WARN__DUPLICATE_METHOD_MATCH = YES;
				COPY_PHASE_STRIP = NO;
				DEBUG_INFORMATION_FORMAT = dwarf;
				ENABLE_STRICT_OBJC_MSGSEND = YES;
				ENABLE_TESTABILITY = YES;
				GCC_C_LANGUAGE_STANDARD = gnu11;
				GCC_DYNAMIC_NO_PIC = NO;
				GCC_NO_COMMON_BLOCKS = YES;
				GCC_OPTIMIZATION_LEVEL = 0;
				GCC_PREPROCESSOR_DEFINITIONS = (
					"DEBUG=1",
					"$(inherited)",
				);
				GCC_WARN_64_TO_32_BIT_CONVERSION = YES;
				GCC_WARN_ABOUT_RETURN_TYPE = YES_ERROR;
				GCC_WARN_UNDECLARED_SELECTOR = YES;
				GCC_WARN_UNINITIALIZED_AUTOS = YES_AGGRESSIVE;
				GCC_WARN_UNUSED_FUNCTION = YES;
				GCC_WARN_UNUSED_VARIABLE = YES;
				IPHONEOS_DEPLOYMENT_TARGET = 14.0;
				MTL_ENABLE_DEBUG_INFO = INCLUDE_SOURCE;
				MTL_FAST_MATH = YES;
				ONLY_ACTIVE_ARCH = YES;
				SDKROOT = iphoneos;
				SWIFT_ACTIVE_COMPILATION_CONDITIONS = DEBUG;
				SWIFT_OPTIMIZATION_LEVEL = "-Onone";
			};
			name = Debug;
		};
		EC59976125389E38009AA558 /* Release */ = {
			isa = XCBuildConfiguration;
			buildSettings = {
				ALWAYS_SEARCH_USER_PATHS = NO;
				CLANG_ANALYZER_NONNULL = YES;
				CLANG_ANALYZER_NUMBER_OBJECT_CONVERSION = YES_AGGRESSIVE;
				CLANG_CXX_LANGUAGE_STANDARD = "gnu++14";
				CLANG_CXX_LIBRARY = "libc++";
				CLANG_ENABLE_MODULES = YES;
				CLANG_ENABLE_OBJC_ARC = YES;
				CLANG_ENABLE_OBJC_WEAK = YES;
				CLANG_WARN_BLOCK_CAPTURE_AUTORELEASING = YES;
				CLANG_WARN_BOOL_CONVERSION = YES;
				CLANG_WARN_COMMA = YES;
				CLANG_WARN_CONSTANT_CONVERSION = YES;
				CLANG_WARN_DEPRECATED_OBJC_IMPLEMENTATIONS = YES;
				CLANG_WARN_DIRECT_OBJC_ISA_USAGE = YES_ERROR;
				CLANG_WARN_DOCUMENTATION_COMMENTS = YES;
				CLANG_WARN_EMPTY_BODY = YES;
				CLANG_WARN_ENUM_CONVERSION = YES;
				CLANG_WARN_INFINITE_RECURSION = YES;
				CLANG_WARN_INT_CONVERSION = YES;
				CLANG_WARN_NON_LITERAL_NULL_CONVERSION = YES;
				CLANG_WARN_OBJC_IMPLICIT_RETAIN_SELF = YES;
				CLANG_WARN_OBJC_LITERAL_CONVERSION = YES;
				CLANG_WARN_OBJC_ROOT_CLASS = YES_ERROR;
				CLANG_WARN_QUOTED_INCLUDE_IN_FRAMEWORK_HEADER = YES;
				CLANG_WARN_RANGE_LOOP_ANALYSIS = YES;
				CLANG_WARN_STRICT_PROTOTYPES = YES;
				CLANG_WARN_SUSPICIOUS_MOVE = YES;
				CLANG_WARN_UNGUARDED_AVAILABILITY = YES_AGGRESSIVE;
				CLANG_WARN_UNREACHABLE_CODE = YES;
				CLANG_WARN__DUPLICATE_METHOD_MATCH = YES;
				COPY_PHASE_STRIP = NO;
				DEBUG_INFORMATION_FORMAT = "dwarf-with-dsym";
				ENABLE_NS_ASSERTIONS = NO;
				ENABLE_STRICT_OBJC_MSGSEND = YES;
				GCC_C_LANGUAGE_STANDARD = gnu11;
				GCC_NO_COMMON_BLOCKS = YES;
				GCC_WARN_64_TO_32_BIT_CONVERSION = YES;
				GCC_WARN_ABOUT_RETURN_TYPE = YES_ERROR;
				GCC_WARN_UNDECLARED_SELECTOR = YES;
				GCC_WARN_UNINITIALIZED_AUTOS = YES_AGGRESSIVE;
				GCC_WARN_UNUSED_FUNCTION = YES;
				GCC_WARN_UNUSED_VARIABLE = YES;
				IPHONEOS_DEPLOYMENT_TARGET = 14.0;
				MTL_ENABLE_DEBUG_INFO = NO;
				MTL_FAST_MATH = YES;
				SDKROOT = iphoneos;
				SWIFT_COMPILATION_MODE = wholemodule;
				SWIFT_OPTIMIZATION_LEVEL = "-O";
				VALIDATE_PRODUCT = YES;
			};
			name = Release;
		};
		EC59976325389E38009AA558 /* Debug */ = {
			isa = XCBuildConfiguration;
			buildSettings = {
				ASSETCATALOG_COMPILER_APPICON_NAME = AppIcon;
				ASSETCATALOG_COMPILER_GLOBAL_ACCENT_COLOR_NAME = AccentColor;
				CODE_SIGN_STYLE = Automatic;
				DEVELOPMENT_ASSET_PATHS = "\"NBSMovie/Preview Content\"";
				DEVELOPMENT_TEAM = P3HXWKRQQF;
				ENABLE_PREVIEWS = YES;
				INFOPLIST_FILE = NBSMovie/Info.plist;
				IPHONEOS_DEPLOYMENT_TARGET = 14.0;
				LD_RUNPATH_SEARCH_PATHS = (
					"$(inherited)",
					"@executable_path/Frameworks",
				);
				PRODUCT_BUNDLE_IDENTIFIER = com.ismail..NBSMovie;
				PRODUCT_NAME = "$(TARGET_NAME)";
				SWIFT_VERSION = 5.0;
				TARGETED_DEVICE_FAMILY = "1,2";
			};
			name = Debug;
		};
		EC59976425389E38009AA558 /* Release */ = {
			isa = XCBuildConfiguration;
			buildSettings = {
				ASSETCATALOG_COMPILER_APPICON_NAME = AppIcon;
				ASSETCATALOG_COMPILER_GLOBAL_ACCENT_COLOR_NAME = AccentColor;
				CODE_SIGN_STYLE = Automatic;
				DEVELOPMENT_ASSET_PATHS = "\"NBSMovie/Preview Content\"";
				DEVELOPMENT_TEAM = P3HXWKRQQF;
				ENABLE_PREVIEWS = YES;
				INFOPLIST_FILE = NBSMovie/Info.plist;
				IPHONEOS_DEPLOYMENT_TARGET = 14.0;
				LD_RUNPATH_SEARCH_PATHS = (
					"$(inherited)",
					"@executable_path/Frameworks",
				);
				PRODUCT_BUNDLE_IDENTIFIER = com.ismail..NBSMovie;
				PRODUCT_NAME = "$(TARGET_NAME)";
				SWIFT_VERSION = 5.0;
				TARGETED_DEVICE_FAMILY = "1,2";
			};
			name = Release;
		};
/* End XCBuildConfiguration section */

/* Begin XCConfigurationList section */
		EC59974E25389E35009AA558 /* Build configuration list for PBXProject "NBSMovie" */ = {
			isa = XCConfigurationList;
			buildConfigurations = (
				EC59976025389E38009AA558 /* Debug */,
				EC59976125389E38009AA558 /* Release */,
			);
			defaultConfigurationIsVisible = 0;
			defaultConfigurationName = Release;
		};
		EC59976225389E38009AA558 /* Build configuration list for PBXNativeTarget "NBSMovie" */ = {
			isa = XCConfigurationList;
			buildConfigurations = (
				EC59976325389E38009AA558 /* Debug */,
				EC59976425389E38009AA558 /* Release */,
			);
			defaultConfigurationIsVisible = 0;
			defaultConfigurationName = Release;
		};
/* End XCConfigurationList section */
	};
	rootObject = EC59974B25389E35009AA558 /* Project object */;
}
